
Microsoft Visual Studio Solution File, Format Version 12.00
# Visual Studio Version 17
VisualStudioVersion = 17.9.34622.214
MinimumVisualStudioVersion = 10.0.40219.1
Project("{FAE04EC0-301F-11D3-BF4B-00C04F79EFBC}") = "TipisLab1", "TipisLab1\TipisLab1.csproj", "{03416B39-DB0B-493B-980F-B9DDF8882BB8}"
EndProject
Global
	GlobalSection(SolutionConfigurationPlatforms) = preSolution
		Debug|Any CPU = Debug|Any CPU
		Release|Any CPU = Release|Any CPU
	EndGlobalSection
	GlobalSection(ProjectConfigurationPlatforms) = postSolution
		{03416B39-DB0B-493B-980F-B9DDF8882BB8}.Debug|Any CPU.ActiveCfg = Debug|Any CPU
		{03416B39-DB0B-493B-980F-B9DDF8882BB8}.Debug|Any CPU.Build.0 = Debug|Any CPU
		{03416B39-DB0B-493B-980F-B9DDF8882BB8}.Release|Any CPU.ActiveCfg = Release|Any CPU
		{03416B39-DB0B-493B-980F-B9DDF8882BB8}.Release|Any CPU.Build.0 = Release|Any CPU
	EndGlobalSection
	GlobalSection(SolutionProperties) = preSolution
		HideSolutionNode = FALSE
	EndGlobalSection
	GlobalSection(ExtensibilityGlobals) = postSolution
		SolutionGuid = {6B7682E0-93BD-497F-AE42-17E175A20F28}
	EndGlobalSection
EndGlobal
